# THIS IS AN AUTOGENERATED FILE. DO NOT EDIT THIS FILE DIRECTLY.
# yarn lockfile v1


"@types/boom@*":
  version "7.2.1"
  resolved "https://registry.yarnpkg.com/@types/boom/-/boom-7.2.1.tgz#a21e21ba08cc49d17b26baef98e1a77ee4d6cdb0"
  integrity sha512-kOiap+kSa4DPoookJXQGQyKy1rjZ55tgfKAh9F0m1NUdukkcwVzpSnXPMH42a5L+U++ugdQlh/xFJu/WAdr1aw==

"@types/catbox@*":
  version "10.0.4"
  resolved "https://registry.yarnpkg.com/@types/catbox/-/catbox-10.0.4.tgz#26a88c82856e18f4ea86b50e3a92b2f6f534f70d"
  integrity sha512-N+a5rLOsZyLYoqtCHYfw5sIcTJgm0SofLM8GSNNOwvZdFbuefMyHScJrN4xHtmcXwkY+aGXN7M2bQWtz63gJhA==

"@types/iron@*":
  version "5.0.1"
  resolved "https://registry.yarnpkg.com/@types/iron/-/iron-5.0.1.tgz#5420bbda8623c48ee51b9a78ebad05d7305b4b24"
  integrity sha512-Ng5BkVGPt7Tw9k1OJ6qYwuD9+dmnWgActmsnnrdvs4075N8V2go1f6Pz8omG3q5rbHjXN6yzzZDYo3JOgAE/Ug==
  dependencies:
    "@types/node" "*"

"@types/joi@*":
  version "14.3.0"
  resolved "https://registry.yarnpkg.com/@types/joi/-/joi-14.3.0.tgz#8a735b7cf5d7f0f9edea778e9594620df5e94aa9"
  integrity sha512-dkNE2Ibbe1eXqXAg8dmAXAjhuH/IUacNp7aG5ymdcIiktJIXZMCF+aEHvZAWjNQD+Cy9BYwkJla+19J/vmMAOg==

"@types/mime-db@*":
  version "1.27.0"
  resolved "https://registry.yarnpkg.com/@types/mime-db/-/mime-db-1.27.0.tgz#9bc014a1fd1fdf47649c1a54c6dd7966b8284792"
  integrity sha1-m8AUof0f30dknBpUxt15ZrgoR5I=

"@types/mimos@*":
  version "3.0.1"
  resolved "https://registry.yarnpkg.com/@types/mimos/-/mimos-3.0.1.tgz#59d96abe1c9e487e7463fe41e8d86d76b57a441a"
  integrity sha512-MATIRH4VMIJki8lcYUZdNQEHuAG7iQ1FWwoLgxV+4fUOly2xZYdhHtGgvQyWiTeJqq2tZbE0nOOgZD6pR0FpNQ==
  dependencies:
    "@types/mime-db" "*"

"@types/node@*":
  version "10.12.18"
  resolved "https://registry.yarnpkg.com/@types/node/-/node-10.12.18.tgz#1d3ca764718915584fcd9f6344621b7672665c67"
  integrity sha512-fh+pAqt4xRzPfqA6eh3Z2y6fyZavRIumvjhaCL753+TVkGKGhpPeyrJG2JftD0T9q4GF00KjefsQ+PQNDdWQaQ==

"@types/podium@*":
  version "1.0.0"
  resolved "https://registry.yarnpkg.com/@types/podium/-/podium-1.0.0.tgz#bfaa2151be2b1d6109cc69f7faa9dac2cba3bb20"
  integrity sha1-v6ohUb4rHWEJzGn3+qnawsujuyA=

"@types/shot@*":
  version "4.0.0"
  resolved "https://registry.yarnpkg.com/@types/shot/-/shot-4.0.0.tgz#7545500c489b65c69b5bc5446ba4fef3bd26af92"
  integrity sha512-Xv+n8yfccuicMlwBY58K5PVVNtXRm7uDzcwwmCarBxMP+XxGfnh1BI06YiVAsPbTAzcnYsrzpoS5QHeyV7LS8A==
  dependencies:
    "@types/node" "*"
